
Microsoft Visual Studio Solution File, Format Version 12.00
# Visual Studio Version 16
VisualStudioVersion = 16.0.30523.141
MinimumVisualStudioVersion = 10.0.40219.1
Project("{FAE04EC0-301F-11D3-BF4B-00C04F79EFBC}") = "ProyectoUsuarios", "ProyectoUsuarios\ProyectoUsuarios.csproj", "{A3481E01-ABD7-4B13-A734-278DF3F39591}"
EndProject
Global
	GlobalSection(SolutionConfigurationPlatforms) = preSolution
		Debug|Any CPU = Debug|Any CPU
		Release|Any CPU = Release|Any CPU
	EndGlobalSection
	GlobalSection(ProjectConfigurationPlatforms) = postSolution
		{A3481E01-ABD7-4B13-A734-278DF3F39591}.Debug|Any CPU.ActiveCfg = Debug|Any CPU
		{A3481E01-ABD7-4B13-A734-278DF3F39591}.Debug|Any CPU.Build.0 = Debug|Any CPU
		{A3481E01-ABD7-4B13-A734-278DF3F39591}.Release|Any CPU.ActiveCfg = Release|Any CPU
		{A3481E01-ABD7-4B13-A734-278DF3F39591}.Release|Any CPU.Build.0 = Release|Any CPU
	EndGlobalSection
	GlobalSection(SolutionProperties) = preSolution
		HideSolutionNode = FALSE
	EndGlobalSection
	GlobalSection(ExtensibilityGlobals) = postSolution
		SolutionGuid = {2F2C8C5D-05FA-4F85-B1D8-1435E02E72AA}
	EndGlobalSection
EndGlobal
